
Microsoft Visual Studio Solution File, Format Version 12.00
# Visual Studio Version 16
VisualStudioVersion = 16.0.33214.272
MinimumVisualStudioVersion = 10.0.40219.1
Project("{FAE04EC0-301F-11D3-BF4B-00C04F79EFBC}") = "ConsoleApp9", "ConsoleApp9\ConsoleApp9.csproj", "{0CB893E0-E5EE-4631-980A-7CAC101CE4C6}"
EndProject
Project("{FAE04EC0-301F-11D3-BF4B-00C04F79EFBC}") = "ConsoleAppDz13.02", "ConsoleAppDz13.02\ConsoleAppDz13.02.csproj", "{669412DC-7731-4BDF-B9E8-407B3E562C39}"
EndProject
Global
	GlobalSection(SolutionConfigurationPlatforms) = preSolution
		Debug|Any CPU = Debug|Any CPU
		Release|Any CPU = Release|Any CPU
	EndGlobalSection
	GlobalSection(ProjectConfigurationPlatforms) = postSolution
		{0CB893E0-E5EE-4631-980A-7CAC101CE4C6}.Debug|Any CPU.ActiveCfg = Debug|Any CPU
		{0CB893E0-E5EE-4631-980A-7CAC101CE4C6}.Debug|Any CPU.Build.0 = Debug|Any CPU
		{0CB893E0-E5EE-4631-980A-7CAC101CE4C6}.Release|Any CPU.ActiveCfg = Release|Any CPU
		{0CB893E0-E5EE-4631-980A-7CAC101CE4C6}.Release|Any CPU.Build.0 = Release|Any CPU
		{669412DC-7731-4BDF-B9E8-407B3E562C39}.Debug|Any CPU.ActiveCfg = Debug|Any CPU
		{669412DC-7731-4BDF-B9E8-407B3E562C39}.Debug|Any CPU.Build.0 = Debug|Any CPU
		{669412DC-7731-4BDF-B9E8-407B3E562C39}.Release|Any CPU.ActiveCfg = Release|Any CPU
		{669412DC-7731-4BDF-B9E8-407B3E562C39}.Release|Any CPU.Build.0 = Release|Any CPU
	EndGlobalSection
	GlobalSection(SolutionProperties) = preSolution
		HideSolutionNode = FALSE
	EndGlobalSection
	GlobalSection(ExtensibilityGlobals) = postSolution
		SolutionGuid = {95918D50-BAD6-40DE-976D-A81525C60864}
	EndGlobalSection
EndGlobal
